// !$*UTF8*$!
{
	archiveVersion = 1;
	classes = {
	};
	objectVersion = 56;
	objects = {

/* Begin PBXBuildFile section */
		FA4BF6042C8477B500AA0E2D /* SegmentedControl.swift in Sources */ = {isa = PBXBuildFile; fileRef = FA4BF6032C8477B500AA0E2D /* SegmentedControl.swift */; };
		FA5B34202C7916CB00D6876C /* Blur.swift in Sources */ = {isa = PBXBuildFile; fileRef = FA5B341F2C7916CB00D6876C /* Blur.swift */; };
		FA6872672C8494EB0087E090 /* ForecastModel.swift in Sources */ = {isa = PBXBuildFile; fileRef = FA6872662C8494EB0087E090 /* ForecastModel.swift */; };
		FA6872692C84971E0087E090 /* ForecastCard.swift in Sources */ = {isa = PBXBuildFile; fileRef = FA6872682C84971E0087E090 /* ForecastCard.swift */; };
		FAE5D38C2C6F17B300827FBF /* WeatherApp.swift in Sources */ = {isa = PBXBuildFile; fileRef = FAE5D38B2C6F17B300827FBF /* WeatherApp.swift */; };
		FAE5D38E2C6F17B300827FBF /* ContentView.swift in Sources */ = {isa = PBXBuildFile; fileRef = FAE5D38D2C6F17B300827FBF /* ContentView.swift */; };
		FAE5D3902C6F17B400827FBF /* Assets.xcassets in Resources */ = {isa = PBXBuildFile; fileRef = FAE5D38F2C6F17B400827FBF /* Assets.xcassets */; };
		FAE5D3932C6F17B400827FBF /* Preview Assets.xcassets in Resources */ = {isa = PBXBuildFile; fileRef = FAE5D3922C6F17B400827FBF /* Preview Assets.xcassets */; };
		FAE5D3A12C6F311000827FBF /* Extensions.swift in Sources */ = {isa = PBXBuildFile; fileRef = FAE5D3A02C6F311000827FBF /* Extensions.swift */; };
		FAE5D3A52C6F35AD00827FBF /* HomeView.swift in Sources */ = {isa = PBXBuildFile; fileRef = FAE5D3A42C6F35AD00827FBF /* HomeView.swift */; };
		FAE5D3A72C6FCC7900827FBF /* TabBar.swift in Sources */ = {isa = PBXBuildFile; fileRef = FAE5D3A62C6FCC7900827FBF /* TabBar.swift */; };
		FAE5D3A92C75EF4500827FBF /* Shapes.swift in Sources */ = {isa = PBXBuildFile; fileRef = FAE5D3A82C75EF4500827FBF /* Shapes.swift */; };
		FAE5D3AC2C75FD5900827FBF /* BottomSheet in Frameworks */ = {isa = PBXBuildFile; productRef = FAE5D3AB2C75FD5900827FBF /* BottomSheet */; };
		FAE5D3AE2C760D3F00827FBF /* ForecastView.swift in Sources */ = {isa = PBXBuildFile; fileRef = FAE5D3AD2C760D3F00827FBF /* ForecastView.swift */; };
/* End PBXBuildFile section */

/* Begin PBXFileReference section */
		FA4BF6032C8477B500AA0E2D /* SegmentedControl.swift */ = {isa = PBXFileReference; lastKnownFileType = sourcecode.swift; path = SegmentedControl.swift; sourceTree = "<group>"; };
		FA5B341F2C7916CB00D6876C /* Blur.swift */ = {isa = PBXFileReference; lastKnownFileType = sourcecode.swift; path = Blur.swift; sourceTree = "<group>"; };
		FA6872662C8494EB0087E090 /* ForecastModel.swift */ = {isa = PBXFileReference; lastKnownFileType = sourcecode.swift; path = ForecastModel.swift; sourceTree = "<group>"; };
		FA6872682C84971E0087E090 /* ForecastCard.swift */ = {isa = PBXFileReference; lastKnownFileType = sourcecode.swift; path = ForecastCard.swift; sourceTree = "<group>"; };
		FAE5D3882C6F17B300827FBF /* Weather.app */ = {isa = PBXFileReference; explicitFileType = wrapper.application; includeInIndex = 0; path = Weather.app; sourceTree = BUILT_PRODUCTS_DIR; };
		FAE5D38B2C6F17B300827FBF /* WeatherApp.swift */ = {isa = PBXFileReference; lastKnownFileType = sourcecode.swift; path = WeatherApp.swift; sourceTree = "<group>"; };
		FAE5D38D2C6F17B300827FBF /* ContentView.swift */ = {isa = PBXFileReference; lastKnownFileType = sourcecode.swift; path = ContentView.swift; sourceTree = "<group>"; };
		FAE5D38F2C6F17B400827FBF /* Assets.xcassets */ = {isa = PBXFileReference; lastKnownFileType = folder.assetcatalog; path = Assets.xcassets; sourceTree = "<group>"; };
		FAE5D3922C6F17B400827FBF /* Preview Assets.xcassets */ = {isa = PBXFileReference; lastKnownFileType = folder.assetcatalog; path = "Preview Assets.xcassets"; sourceTree = "<group>"; };
		FAE5D3A02C6F311000827FBF /* Extensions.swift */ = {isa = PBXFileReference; lastKnownFileType = sourcecode.swift; path = Extensions.swift; sourceTree = "<group>"; };
		FAE5D3A42C6F35AD00827FBF /* HomeView.swift */ = {isa = PBXFileReference; lastKnownFileType = sourcecode.swift; path = HomeView.swift; sourceTree = "<group>"; };
		FAE5D3A62C6FCC7900827FBF /* TabBar.swift */ = {isa = PBXFileReference; lastKnownFileType = sourcecode.swift; path = TabBar.swift; sourceTree = "<group>"; };
		FAE5D3A82C75EF4500827FBF /* Shapes.swift */ = {isa = PBXFileReference; lastKnownFileType = sourcecode.swift; path = Shapes.swift; sourceTree = "<group>"; };
		FAE5D3AD2C760D3F00827FBF /* ForecastView.swift */ = {isa = PBXFileReference; lastKnownFileType = sourcecode.swift; path = ForecastView.swift; sourceTree = "<group>"; };
/* End PBXFileReference section */

/* Begin PBXFrameworksBuildPhase section */
		FAE5D3852C6F17B300827FBF /* Frameworks */ = {
			isa = PBXFrameworksBuildPhase;
			buildActionMask = 2147483647;
			files = (
				FAE5D3AC2C75FD5900827FBF /* BottomSheet in Frameworks */,
			);
			runOnlyForDeploymentPostprocessing = 0;
		};
/* End PBXFrameworksBuildPhase section */

/* Begin PBXGroup section */
		FAE5D37F2C6F17B300827FBF = {
			isa = PBXGroup;
			children = (
				FAE5D38A2C6F17B300827FBF /* Weather */,
				FAE5D3892C6F17B300827FBF /* Products */,
			);
			sourceTree = "<group>";
		};
		FAE5D3892C6F17B300827FBF /* Products */ = {
			isa = PBXGroup;
			children = (
				FAE5D3882C6F17B300827FBF /* Weather.app */,
			);
			name = Products;
			sourceTree = "<group>";
		};
		FAE5D38A2C6F17B300827FBF /* Weather */ = {
			isa = PBXGroup;
			children = (
				FAE5D38B2C6F17B300827FBF /* WeatherApp.swift */,
				FAE5D39A2C6F2FDF00827FBF /* Models */,
				FAE5D3992C6F2FD400827FBF /* Views */,
				FAE5D39B2C6F2FEA00827FBF /* Controllers */,
				FAE5D38F2C6F17B400827FBF /* Assets.xcassets */,
				FAE5D3912C6F17B400827FBF /* Preview Content */,
			);
			path = Weather;
			sourceTree = "<group>";
		};
		FAE5D3912C6F17B400827FBF /* Preview Content */ = {
			isa = PBXGroup;
			children = (
				FAE5D3922C6F17B400827FBF /* Preview Assets.xcassets */,
			);
			path = "Preview Content";
			sourceTree = "<group>";
		};
		FAE5D3992C6F2FD400827FBF /* Views */ = {
			isa = PBXGroup;
			children = (
				FAE5D39C2C6F305C00827FBF /* Main */,
				FAE5D39D2C6F306400827FBF /* Navigation */,
				FAE5D39E2C6F306D00827FBF /* Detail */,
				FAE5D39F2C6F307300827FBF /* Components */,
			);
			path = Views;
			sourceTree = "<group>";
		};
		FAE5D39A2C6F2FDF00827FBF /* Models */ = {
			isa = PBXGroup;
			children = (
				FA6872662C8494EB0087E090 /* ForecastModel.swift */,
			);
			path = Models;
			sourceTree = "<group>";
		};
		FAE5D39B2C6F2FEA00827FBF /* Controllers */ = {
			isa = PBXGroup;
			children = (
				FAE5D3A02C6F311000827FBF /* Extensions.swift */,
				FAE5D3A82C75EF4500827FBF /* Shapes.swift */,
			);
			path = Controllers;
			sourceTree = "<group>";
		};
		FAE5D39C2C6F305C00827FBF /* Main */ = {
			isa = PBXGroup;
			children = (
				FAE5D38D2C6F17B300827FBF /* ContentView.swift */,
				FAE5D3A42C6F35AD00827FBF /* HomeView.swift */,
			);
			path = Main;
			sourceTree = "<group>";
		};
		FAE5D39D2C6F306400827FBF /* Navigation */ = {
			isa = PBXGroup;
			children = (
				FAE5D3A62C6FCC7900827FBF /* TabBar.swift */,
			);
			path = Navigation;
			sourceTree = "<group>";
		};
		FAE5D39E2C6F306D00827FBF /* Detail */ = {
			isa = PBXGroup;
			children = (
				FAE5D3AD2C760D3F00827FBF /* ForecastView.swift */,
			);
			path = Detail;
			sourceTree = "<group>";
		};
		FAE5D39F2C6F307300827FBF /* Components */ = {
			isa = PBXGroup;
			children = (
				FA5B341F2C7916CB00D6876C /* Blur.swift */,
				FA4BF6032C8477B500AA0E2D /* SegmentedControl.swift */,
				FA6872682C84971E0087E090 /* ForecastCard.swift */,
			);
			path = Components;
			sourceTree = "<group>";
		};
/* End PBXGroup section */

/* Begin PBXNativeTarget section */
		FAE5D3872C6F17B300827FBF /* Weather */ = {
			isa = PBXNativeTarget;
			buildConfigurationList = FAE5D3962C6F17B400827FBF /* Build configuration list for PBXNativeTarget "Weather" */;
			buildPhases = (
				FAE5D3842C6F17B300827FBF /* Sources */,
				FAE5D3852C6F17B300827FBF /* Frameworks */,
				FAE5D3862C6F17B300827FBF /* Resources */,
			);
			buildRules = (
			);
			dependencies = (
			);
			name = Weather;
			packageProductDependencies = (
				FAE5D3AB2C75FD5900827FBF /* BottomSheet */,
			);
			productName = Weather;
			productReference = FAE5D3882C6F17B300827FBF /* Weather.app */;
			productType = "com.apple.product-type.application";
		};
/* End PBXNativeTarget section */

/* Begin PBXProject section */
		FAE5D3802C6F17B300827FBF /* Project object */ = {
			isa = PBXProject;
			attributes = {
				BuildIndependentTargetsInParallel = 1;
				LastSwiftUpdateCheck = 1540;
				LastUpgradeCheck = 1540;
				TargetAttributes = {
					FAE5D3872C6F17B300827FBF = {
						CreatedOnToolsVersion = 15.4;
					};
				};
			};
			buildConfigurationList = FAE5D3832C6F17B300827FBF /* Build configuration list for PBXProject "Weather" */;
			compatibilityVersion = "Xcode 14.0";
			developmentRegion = en;
			hasScannedForEncodings = 0;
			knownRegions = (
				en,
				Base,
			);
			mainGroup = FAE5D37F2C6F17B300827FBF;
			packageReferences = (
				FAE5D3AA2C75FD5900827FBF /* XCRemoteSwiftPackageReference "BottomSheet" */,
			);
			productRefGroup = FAE5D3892C6F17B300827FBF /* Products */;
			projectDirPath = "";
			projectRoot = "";
			targets = (
				FAE5D3872C6F17B300827FBF /* Weather */,
			);
		};
/* End PBXProject section */

/* Begin PBXResourcesBuildPhase section */
		FAE5D3862C6F17B300827FBF /* Resources */ = {
			isa = PBXResourcesBuildPhase;
			buildActionMask = 2147483647;
			files = (
				FAE5D3932C6F17B400827FBF /* Preview Assets.xcassets in Resources */,
				FAE5D3902C6F17B400827FBF /* Assets.xcassets in Resources */,
			);
			runOnlyForDeploymentPostprocessing = 0;
		};
/* End PBXResourcesBuildPhase section */

/* Begin PBXSourcesBuildPhase section */
		FAE5D3842C6F17B300827FBF /* Sources */ = {
			isa = PBXSourcesBuildPhase;
			buildActionMask = 2147483647;
			files = (
				FA6872692C84971E0087E090 /* ForecastCard.swift in Sources */,
				FAE5D38E2C6F17B300827FBF /* ContentView.swift in Sources */,
				FA4BF6042C8477B500AA0E2D /* SegmentedControl.swift in Sources */,
				FAE5D3A52C6F35AD00827FBF /* HomeView.swift in Sources */,
				FA5B34202C7916CB00D6876C /* Blur.swift in Sources */,
				FAE5D3A12C6F311000827FBF /* Extensions.swift in Sources */,
				FAE5D38C2C6F17B300827FBF /* WeatherApp.swift in Sources */,
				FAE5D3AE2C760D3F00827FBF /* ForecastView.swift in Sources */,
				FAE5D3A72C6FCC7900827FBF /* TabBar.swift in Sources */,
				FA6872672C8494EB0087E090 /* ForecastModel.swift in Sources */,
				FAE5D3A92C75EF4500827FBF /* Shapes.swift in Sources */,
			);
			runOnlyForDeploymentPostprocessing = 0;
		};
/* End PBXSourcesBuildPhase section */

/* Begin XCBuildConfiguration section */
		FAE5D3942C6F17B400827FBF /* Debug */ = {
			isa = XCBuildConfiguration;
			buildSettings = {
				ALWAYS_SEARCH_USER_PATHS = NO;
				ASSETCATALOG_COMPILER_GENERATE_SWIFT_ASSET_SYMBOL_EXTENSIONS = YES;
				CLANG_ANALYZER_NONNULL = YES;
				CLANG_ANALYZER_NUMBER_OBJECT_CONVERSION = YES_AGGRESSIVE;
				CLANG_CXX_LANGUAGE_STANDARD = "gnu++20";
				CLANG_ENABLE_MODULES = YES;
				CLANG_ENABLE_OBJC_ARC = YES;
				CLANG_ENABLE_OBJC_WEAK = YES;
				CLANG_WARN_BLOCK_CAPTURE_AUTORELEASING = YES;
				CLANG_WARN_BOOL_CONVERSION = YES;
				CLANG_WARN_COMMA = YES;
				CLANG_WARN_CONSTANT_CONVERSION = YES;
				CLANG_WARN_DEPRECATED_OBJC_IMPLEMENTATIONS = YES;
				CLANG_WARN_DIRECT_OBJC_ISA_USAGE = YES_ERROR;
				CLANG_WARN_DOCUMENTATION_COMMENTS = YES;
				CLANG_WARN_EMPTY_BODY = YES;
				CLANG_WARN_ENUM_CONVERSION = YES;
				CLANG_WARN_INFINITE_RECURSION = YES;
				CLANG_WARN_INT_CONVERSION = YES;
				CLANG_WARN_NON_LITERAL_NULL_CONVERSION = YES;
				CLANG_WARN_OBJC_IMPLICIT_RETAIN_SELF = YES;
				CLANG_WARN_OBJC_LITERAL_CONVERSION = YES;
				CLANG_WARN_OBJC_ROOT_CLASS = YES_ERROR;
				CLANG_WARN_QUOTED_INCLUDE_IN_FRAMEWORK_HEADER = YES;
				CLANG_WARN_RANGE_LOOP_ANALYSIS = YES;
				CLANG_WARN_STRICT_PROTOTYPES = YES;
				CLANG_WARN_SUSPICIOUS_MOVE = YES;
				CLANG_WARN_UNGUARDED_AVAILABILITY = YES_AGGRESSIVE;
				CLANG_WARN_UNREACHABLE_CODE = YES;
				CLANG_WARN__DUPLICATE_METHOD_MATCH = YES;
				COPY_PHASE_STRIP = NO;
				DEBUG_INFORMATION_FORMAT = dwarf;
				ENABLE_STRICT_OBJC_MSGSEND = YES;
				ENABLE_TESTABILITY = YES;
				ENABLE_USER_SCRIPT_SANDBOXING = YES;
				GCC_C_LANGUAGE_STANDARD = gnu17;
				GCC_DYNAMIC_NO_PIC = NO;
				GCC_NO_COMMON_BLOCKS = YES;
				GCC_OPTIMIZATION_LEVEL = 0;
				GCC_PREPROCESSOR_DEFINITIONS = (
					"DEBUG=1",
					"$(inherited)",
				);
				GCC_WARN_64_TO_32_BIT_CONVERSION = YES;
				GCC_WARN_ABOUT_RETURN_TYPE = YES_ERROR;
				GCC_WARN_UNDECLARED_SELECTOR = YES;
				GCC_WARN_UNINITIALIZED_AUTOS = YES_AGGRESSIVE;
				GCC_WARN_UNUSED_FUNCTION = YES;
				GCC_WARN_UNUSED_VARIABLE = YES;
				IPHONEOS_DEPLOYMENT_TARGET = 17.5;
				LOCALIZATION_PREFERS_STRING_CATALOGS = YES;
				MTL_ENABLE_DEBUG_INFO = INCLUDE_SOURCE;
				MTL_FAST_MATH = YES;
				ONLY_ACTIVE_ARCH = YES;
				SDKROOT = iphoneos;
				SWIFT_ACTIVE_COMPILATION_CONDITIONS = "DEBUG $(inherited)";
				SWIFT_OPTIMIZATION_LEVEL = "-Onone";
			};
			name = Debug;
		};
		FAE5D3952C6F17B400827FBF /* Release */ = {
			isa = XCBuildConfiguration;
			buildSettings = {
				ALWAYS_SEARCH_USER_PATHS = NO;
				ASSETCATALOG_COMPILER_GENERATE_SWIFT_ASSET_SYMBOL_EXTENSIONS = YES;
				CLANG_ANALYZER_NONNULL = YES;
				CLANG_ANALYZER_NUMBER_OBJECT_CONVERSION = YES_AGGRESSIVE;
				CLANG_CXX_LANGUAGE_STANDARD = "gnu++20";
				CLANG_ENABLE_MODULES = YES;
				CLANG_ENABLE_OBJC_ARC = YES;
				CLANG_ENABLE_OBJC_WEAK = YES;
				CLANG_WARN_BLOCK_CAPTURE_AUTORELEASING = YES;
				CLANG_WARN_BOOL_CONVERSION = YES;
				CLANG_WARN_COMMA = YES;
				CLANG_WARN_CONSTANT_CONVERSION = YES;
				CLANG_WARN_DEPRECATED_OBJC_IMPLEMENTATIONS = YES;
				CLANG_WARN_DIRECT_OBJC_ISA_USAGE = YES_ERROR;
				CLANG_WARN_DOCUMENTATION_COMMENTS = YES;
				CLANG_WARN_EMPTY_BODY = YES;
				CLANG_WARN_ENUM_CONVERSION = YES;
				CLANG_WARN_INFINITE_RECURSION = YES;
				CLANG_WARN_INT_CONVERSION = YES;
				CLANG_WARN_NON_LITERAL_NULL_CONVERSION = YES;
				CLANG_WARN_OBJC_IMPLICIT_RETAIN_SELF = YES;
				CLANG_WARN_OBJC_LITERAL_CONVERSION = YES;
				CLANG_WARN_OBJC_ROOT_CLASS = YES_ERROR;
				CLANG_WARN_QUOTED_INCLUDE_IN_FRAMEWORK_HEADER = YES;
				CLANG_WARN_RANGE_LOOP_ANALYSIS = YES;
				CLANG_WARN_STRICT_PROTOTYPES = YES;
				CLANG_WARN_SUSPICIOUS_MOVE = YES;
				CLANG_WARN_UNGUARDED_AVAILABILITY = YES_AGGRESSIVE;
				CLANG_WARN_UNREACHABLE_CODE = YES;
				CLANG_WARN__DUPLICATE_METHOD_MATCH = YES;
				COPY_PHASE_STRIP = NO;
				DEBUG_INFORMATION_FORMAT = "dwarf-with-dsym";
				ENABLE_NS_ASSERTIONS = NO;
				ENABLE_STRICT_OBJC_MSGSEND = YES;
				ENABLE_USER_SCRIPT_SANDBOXING = YES;
				GCC_C_LANGUAGE_STANDARD = gnu17;
				GCC_NO_COMMON_BLOCKS = YES;
				GCC_WARN_64_TO_32_BIT_CONVERSION = YES;
				GCC_WARN_ABOUT_RETURN_TYPE = YES_ERROR;
				GCC_WARN_UNDECLARED_SELECTOR = YES;
				GCC_WARN_UNINITIALIZED_AUTOS = YES_AGGRESSIVE;
				GCC_WARN_UNUSED_FUNCTION = YES;
				GCC_WARN_UNUSED_VARIABLE = YES;
				IPHONEOS_DEPLOYMENT_TARGET = 17.5;
				LOCALIZATION_PREFERS_STRING_CATALOGS = YES;
				MTL_ENABLE_DEBUG_INFO = NO;
				MTL_FAST_MATH = YES;
				SDKROOT = iphoneos;
				SWIFT_COMPILATION_MODE = wholemodule;
				VALIDATE_PRODUCT = YES;
			};
			name = Release;
		};
		FAE5D3972C6F17B400827FBF /* Debug */ = {
			isa = XCBuildConfiguration;
			buildSettings = {
				ASSETCATALOG_COMPILER_APPICON_NAME = AppIcon;
				ASSETCATALOG_COMPILER_GLOBAL_ACCENT_COLOR_NAME = AccentColor;
				CODE_SIGN_STYLE = Automatic;
				CURRENT_PROJECT_VERSION = 1;
				DEVELOPMENT_ASSET_PATHS = "\"Weather/Preview Content\"";
				DEVELOPMENT_TEAM = Q8T2W5DK59;
				ENABLE_PREVIEWS = YES;
				GENERATE_INFOPLIST_FILE = YES;
				INFOPLIST_KEY_CFBundleDisplayName = Weather;
				INFOPLIST_KEY_UIApplicationSceneManifest_Generation = YES;
				INFOPLIST_KEY_UIApplicationSupportsIndirectInputEvents = YES;
				INFOPLIST_KEY_UILaunchScreen_Generation = YES;
				INFOPLIST_KEY_UISupportedInterfaceOrientations = UIInterfaceOrientationPortrait;
				INFOPLIST_KEY_UISupportedInterfaceOrientations_iPad = "UIInterfaceOrientationLandscapeLeft UIInterfaceOrientationLandscapeRight UIInterfaceOrientationPortrait UIInterfaceOrientationPortraitUpsideDown";
				IPHONEOS_DEPLOYMENT_TARGET = 15.0;
				LD_RUNPATH_SEARCH_PATHS = (
					"$(inherited)",
					"@executable_path/Frameworks",
				);
				MARKETING_VERSION = 1.0;
				PRODUCT_BUNDLE_IDENTIFIER = com.kvolodymyr.Weather;
				PRODUCT_NAME = "$(TARGET_NAME)";
				SUPPORTED_PLATFORMS = "iphoneos iphonesimulator";
				SUPPORTS_MACCATALYST = NO;
				SUPPORTS_MAC_DESIGNED_FOR_IPHONE_IPAD = NO;
				SUPPORTS_XR_DESIGNED_FOR_IPHONE_IPAD = NO;
				SWIFT_EMIT_LOC_STRINGS = YES;
				SWIFT_VERSION = 5.0;
				TARGETED_DEVICE_FAMILY = 1;
			};
			name = Debug;
		};
		FAE5D3982C6F17B400827FBF /* Release */ = {
			isa = XCBuildConfiguration;
			buildSettings = {
				ASSETCATALOG_COMPILER_APPICON_NAME = AppIcon;
				ASSETCATALOG_COMPILER_GLOBAL_ACCENT_COLOR_NAME = AccentColor;
				CODE_SIGN_STYLE = Automatic;
				CURRENT_PROJECT_VERSION = 1;
				DEVELOPMENT_ASSET_PATHS = "\"Weather/Preview Content\"";
				DEVELOPMENT_TEAM = Q8T2W5DK59;
				ENABLE_PREVIEWS = YES;
				GENERATE_INFOPLIST_FILE = YES;
				INFOPLIST_KEY_CFBundleDisplayName = Weather;
				INFOPLIST_KEY_UIApplicationSceneManifest_Generation = YES;
				INFOPLIST_KEY_UIApplicationSupportsIndirectInputEvents = YES;
				INFOPLIST_KEY_UILaunchScreen_Generation = YES;
				INFOPLIST_KEY_UISupportedInterfaceOrientations = UIInterfaceOrientationPortrait;
				INFOPLIST_KEY_UISupportedInterfaceOrientations_iPad = "UIInterfaceOrientationLandscapeLeft UIInterfaceOrientationLandscapeRight UIInterfaceOrientationPortrait UIInterfaceOrientationPortraitUpsideDown";
				IPHONEOS_DEPLOYMENT_TARGET = 15.0;
				LD_RUNPATH_SEARCH_PATHS = (
					"$(inherited)",
					"@executable_path/Frameworks",
				);
				MARKETING_VERSION = 1.0;
				PRODUCT_BUNDLE_IDENTIFIER = com.kvolodymyr.Weather;
				PRODUCT_NAME = "$(TARGET_NAME)";
				SUPPORTED_PLATFORMS = "iphoneos iphonesimulator";
				SUPPORTS_MACCATALYST = NO;
				SUPPORTS_MAC_DESIGNED_FOR_IPHONE_IPAD = NO;
				SUPPORTS_XR_DESIGNED_FOR_IPHONE_IPAD = NO;
				SWIFT_EMIT_LOC_STRINGS = YES;
				SWIFT_VERSION = 5.0;
				TARGETED_DEVICE_FAMILY = 1;
			};
			name = Release;
		};
/* End XCBuildConfiguration section */

/* Begin XCConfigurationList section */
		FAE5D3832C6F17B300827FBF /* Build configuration list for PBXProject "Weather" */ = {
			isa = XCConfigurationList;
			buildConfigurations = (
				FAE5D3942C6F17B400827FBF /* Debug */,
				FAE5D3952C6F17B400827FBF /* Release */,
			);
			defaultConfigurationIsVisible = 0;
			defaultConfigurationName = Release;
		};
		FAE5D3962C6F17B400827FBF /* Build configuration list for PBXNativeTarget "Weather" */ = {
			isa = XCConfigurationList;
			buildConfigurations = (
				FAE5D3972C6F17B400827FBF /* Debug */,
				FAE5D3982C6F17B400827FBF /* Release */,
			);
			defaultConfigurationIsVisible = 0;
			defaultConfigurationName = Release;
		};
/* End XCConfigurationList section */

/* Begin XCRemoteSwiftPackageReference section */
		FAE5D3AA2C75FD5900827FBF /* XCRemoteSwiftPackageReference "BottomSheet" */ = {
			isa = XCRemoteSwiftPackageReference;
			repositoryURL = "https://github.com/Wouter125/BottomSheet";
			requirement = {
				kind = upToNextMajorVersion;
				minimumVersion = 2.0.2;
			};
		};
/* End XCRemoteSwiftPackageReference section */

/* Begin XCSwiftPackageProductDependency section */
		FAE5D3AB2C75FD5900827FBF /* BottomSheet */ = {
			isa = XCSwiftPackageProductDependency;
			package = FAE5D3AA2C75FD5900827FBF /* XCRemoteSwiftPackageReference "BottomSheet" */;
			productName = BottomSheet;
		};
/* End XCSwiftPackageProductDependency section */
	};
	rootObject = FAE5D3802C6F17B300827FBF /* Project object */;
}
